
Microsoft Visual Studio Solution File, Format Version 11.00
# Visual Studio 2010
Project("{FAE04EC0-301F-11D3-BF4B-00C04F79EFBC}") = "MojioTowingAlert.Android", "MojioTowingAlert.Android.csproj", "{15464FBD-429B-4ADD-AF4D-A830A0290025}"
EndProject
Global
	GlobalSection(SolutionConfigurationPlatforms) = preSolution
		Debug|Any CPU = Debug|Any CPU
		Release|Any CPU = Release|Any CPU
	EndGlobalSection
	GlobalSection(ProjectConfigurationPlatforms) = postSolution
		{15464FBD-429B-4ADD-AF4D-A830A0290025}.Debug|Any CPU.ActiveCfg = Debug|Any CPU
		{15464FBD-429B-4ADD-AF4D-A830A0290025}.Debug|Any CPU.Build.0 = Debug|Any CPU
		{15464FBD-429B-4ADD-AF4D-A830A0290025}.Release|Any CPU.ActiveCfg = Release|Any CPU
		{15464FBD-429B-4ADD-AF4D-A830A0290025}.Release|Any CPU.Build.0 = Release|Any CPU
	EndGlobalSection
	GlobalSection(MonoDevelopProperties) = preSolution
		StartupItem = MojioTowingAlert.Android.csproj
	EndGlobalSection
EndGlobal
